// !$*UTF8*$!
{
	archiveVersion = 1;
	classes = {
	};
	objectVersion = 50;
	objects = {

/* Begin PBXBuildFile section */
		370E670C20A078EA001766E7 /* AppDelegate.swift in Sources */ = {isa = PBXBuildFile; fileRef = 370E670B20A078EA001766E7 /* AppDelegate.swift */; };
		370E670E20A078EA001766E7 /* ViewController.swift in Sources */ = {isa = PBXBuildFile; fileRef = 370E670D20A078EA001766E7 /* ViewController.swift */; };
		370E671120A078EA001766E7 /* Main.storyboard in Resources */ = {isa = PBXBuildFile; fileRef = 370E670F20A078EA001766E7 /* Main.storyboard */; };
		370E671320A078EB001766E7 /* Assets.xcassets in Resources */ = {isa = PBXBuildFile; fileRef = 370E671220A078EB001766E7 /* Assets.xcassets */; };
		370E671620A078EB001766E7 /* LaunchScreen.storyboard in Resources */ = {isa = PBXBuildFile; fileRef = 370E671420A078EB001766E7 /* LaunchScreen.storyboard */; };
		370E672120A078EB001766E7 /* HYMoviePlayerTests.swift in Sources */ = {isa = PBXBuildFile; fileRef = 370E672020A078EB001766E7 /* HYMoviePlayerTests.swift */; };
		370E672C20A078EB001766E7 /* HYMoviePlayerUITests.swift in Sources */ = {isa = PBXBuildFile; fileRef = 370E672B20A078EB001766E7 /* HYMoviePlayerUITests.swift */; };
		3716DF3820A07F01009DF6C1 /* HYMoviePlayer.swift in Sources */ = {isa = PBXBuildFile; fileRef = 3716DF3720A07F00009DF6C1 /* HYMoviePlayer.swift */; };
		5C2639D820A188FF000BAAF6 /* HYMoviePlayControlPanel.swift in Sources */ = {isa = PBXBuildFile; fileRef = 5C2639D720A188FF000BAAF6 /* HYMoviePlayControlPanel.swift */; };
		5C29C1FA20A296ED004C525B /* DispatchQueue+Extension.swift in Sources */ = {isa = PBXBuildFile; fileRef = 5C29C1F920A296ED004C525B /* DispatchQueue+Extension.swift */; };
		5C29C1FD20A2E623004C525B /* HYMoviePlayerStatePromptView.swift in Sources */ = {isa = PBXBuildFile; fileRef = 5C29C1FC20A2E623004C525B /* HYMoviePlayerStatePromptView.swift */; };
		5C4071F220A41CEA00E096CE /* HYMoviePlayerActivityMonitor.swift in Sources */ = {isa = PBXBuildFile; fileRef = 5C4071F120A41CEA00E096CE /* HYMoviePlayerActivityMonitor.swift */; };
		5C4071F420A435AE00E096CE /* HYMoviePlayerGusterResponseView.swift in Sources */ = {isa = PBXBuildFile; fileRef = 5C4071F320A435AE00E096CE /* HYMoviePlayerGusterResponseView.swift */; };
		5C4071F720A5823E00E096CE /* HYMoviePlayerDownloadManager.swift in Sources */ = {isa = PBXBuildFile; fileRef = 5C4071F620A5823E00E096CE /* HYMoviePlayerDownloadManager.swift */; };
		5C72A27720A1514300D83D98 /* HYMoviePlayerNetLinkCheck.swift in Sources */ = {isa = PBXBuildFile; fileRef = 5C72A27620A1514300D83D98 /* HYMoviePlayerNetLinkCheck.swift */; };
		5C72A27920A1536C00D83D98 /* HYMoviePlayerNetLinkProtocol.swift in Sources */ = {isa = PBXBuildFile; fileRef = 5C72A27820A1536C00D83D98 /* HYMoviePlayerNetLinkProtocol.swift */; };
		88B9D31351CE189EDD4AFFE1 /* Pods_HYMoviePlayer.framework in Frameworks */ = {isa = PBXBuildFile; fileRef = DEC179C2A5571D9C2CA367F9 /* Pods_HYMoviePlayer.framework */; };
/* End PBXBuildFile section */

/* Begin PBXContainerItemProxy section */
		370E671D20A078EB001766E7 /* PBXContainerItemProxy */ = {
			isa = PBXContainerItemProxy;
			containerPortal = 370E670020A078EA001766E7 /* Project object */;
			proxyType = 1;
			remoteGlobalIDString = 370E670720A078EA001766E7;
			remoteInfo = HYMoviePlayer;
		};
		370E672820A078EB001766E7 /* PBXContainerItemProxy */ = {
			isa = PBXContainerItemProxy;
			containerPortal = 370E670020A078EA001766E7 /* Project object */;
			proxyType = 1;
			remoteGlobalIDString = 370E670720A078EA001766E7;
			remoteInfo = HYMoviePlayer;
		};
/* End PBXContainerItemProxy section */

/* Begin PBXFileReference section */
		08F4DE918DE04CB511CC3712 /* Pods-HYMoviePlayer.debug.xcconfig */ = {isa = PBXFileReference; includeInIndex = 1; lastKnownFileType = text.xcconfig; name = "Pods-HYMoviePlayer.debug.xcconfig"; path = "Pods/Target Support Files/Pods-HYMoviePlayer/Pods-HYMoviePlayer.debug.xcconfig"; sourceTree = "<group>"; };
		370E670820A078EA001766E7 /* HYMoviePlayer.app */ = {isa = PBXFileReference; explicitFileType = wrapper.application; includeInIndex = 0; path = HYMoviePlayer.app; sourceTree = BUILT_PRODUCTS_DIR; };
		370E670B20A078EA001766E7 /* AppDelegate.swift */ = {isa = PBXFileReference; lastKnownFileType = sourcecode.swift; path = AppDelegate.swift; sourceTree = "<group>"; };
		370E670D20A078EA001766E7 /* ViewController.swift */ = {isa = PBXFileReference; lastKnownFileType = sourcecode.swift; path = ViewController.swift; sourceTree = "<group>"; };
		370E671020A078EA001766E7 /* Base */ = {isa = PBXFileReference; lastKnownFileType = file.storyboard; name = Base; path = Base.lproj/Main.storyboard; sourceTree = "<group>"; };
		370E671220A078EB001766E7 /* Assets.xcassets */ = {isa = PBXFileReference; lastKnownFileType = folder.assetcatalog; path = Assets.xcassets; sourceTree = "<group>"; };
		370E671520A078EB001766E7 /* Base */ = {isa = PBXFileReference; lastKnownFileType = file.storyboard; name = Base; path = Base.lproj/LaunchScreen.storyboard; sourceTree = "<group>"; };
		370E671720A078EB001766E7 /* Info.plist */ = {isa = PBXFileReference; lastKnownFileType = text.plist.xml; path = Info.plist; sourceTree = "<group>"; };
		370E671C20A078EB001766E7 /* HYMoviePlayerTests.xctest */ = {isa = PBXFileReference; explicitFileType = wrapper.cfbundle; includeInIndex = 0; path = HYMoviePlayerTests.xctest; sourceTree = BUILT_PRODUCTS_DIR; };
		370E672020A078EB001766E7 /* HYMoviePlayerTests.swift */ = {isa = PBXFileReference; lastKnownFileType = sourcecode.swift; path = HYMoviePlayerTests.swift; sourceTree = "<group>"; };
		370E672220A078EB001766E7 /* Info.plist */ = {isa = PBXFileReference; lastKnownFileType = text.plist.xml; path = Info.plist; sourceTree = "<group>"; };
		370E672720A078EB001766E7 /* HYMoviePlayerUITests.xctest */ = {isa = PBXFileReference; explicitFileType = wrapper.cfbundle; includeInIndex = 0; path = HYMoviePlayerUITests.xctest; sourceTree = BUILT_PRODUCTS_DIR; };
		370E672B20A078EB001766E7 /* HYMoviePlayerUITests.swift */ = {isa = PBXFileReference; lastKnownFileType = sourcecode.swift; path = HYMoviePlayerUITests.swift; sourceTree = "<group>"; };
		370E672D20A078EB001766E7 /* Info.plist */ = {isa = PBXFileReference; lastKnownFileType = text.plist.xml; path = Info.plist; sourceTree = "<group>"; };
		3716DF3720A07F00009DF6C1 /* HYMoviePlayer.swift */ = {isa = PBXFileReference; lastKnownFileType = sourcecode.swift; path = HYMoviePlayer.swift; sourceTree = "<group>"; };
		5C2639D720A188FF000BAAF6 /* HYMoviePlayControlPanel.swift */ = {isa = PBXFileReference; lastKnownFileType = sourcecode.swift; path = HYMoviePlayControlPanel.swift; sourceTree = "<group>"; };
		5C29C1F920A296ED004C525B /* DispatchQueue+Extension.swift */ = {isa = PBXFileReference; lastKnownFileType = sourcecode.swift; path = "DispatchQueue+Extension.swift"; sourceTree = "<group>"; };
		5C29C1FC20A2E623004C525B /* HYMoviePlayerStatePromptView.swift */ = {isa = PBXFileReference; lastKnownFileType = sourcecode.swift; path = HYMoviePlayerStatePromptView.swift; sourceTree = "<group>"; };
		5C4071F120A41CEA00E096CE /* HYMoviePlayerActivityMonitor.swift */ = {isa = PBXFileReference; lastKnownFileType = sourcecode.swift; path = HYMoviePlayerActivityMonitor.swift; sourceTree = "<group>"; };
		5C4071F320A435AE00E096CE /* HYMoviePlayerGusterResponseView.swift */ = {isa = PBXFileReference; lastKnownFileType = sourcecode.swift; path = HYMoviePlayerGusterResponseView.swift; sourceTree = "<group>"; };
		5C4071F620A5823E00E096CE /* HYMoviePlayerDownloadManager.swift */ = {isa = PBXFileReference; lastKnownFileType = sourcecode.swift; path = HYMoviePlayerDownloadManager.swift; sourceTree = "<group>"; };
		5C72A27620A1514300D83D98 /* HYMoviePlayerNetLinkCheck.swift */ = {isa = PBXFileReference; lastKnownFileType = sourcecode.swift; path = HYMoviePlayerNetLinkCheck.swift; sourceTree = "<group>"; };
		5C72A27820A1536C00D83D98 /* HYMoviePlayerNetLinkProtocol.swift */ = {isa = PBXFileReference; lastKnownFileType = sourcecode.swift; path = HYMoviePlayerNetLinkProtocol.swift; sourceTree = "<group>"; };
		8183277D6A43C400C64882D0 /* Pods-HYMoviePlayer.release.xcconfig */ = {isa = PBXFileReference; includeInIndex = 1; lastKnownFileType = text.xcconfig; name = "Pods-HYMoviePlayer.release.xcconfig"; path = "Pods/Target Support Files/Pods-HYMoviePlayer/Pods-HYMoviePlayer.release.xcconfig"; sourceTree = "<group>"; };
		DEC179C2A5571D9C2CA367F9 /* Pods_HYMoviePlayer.framework */ = {isa = PBXFileReference; explicitFileType = wrapper.framework; includeInIndex = 0; path = Pods_HYMoviePlayer.framework; sourceTree = BUILT_PRODUCTS_DIR; };
/* End PBXFileReference section */

/* Begin PBXFrameworksBuildPhase section */
		370E670520A078EA001766E7 /* Frameworks */ = {
			isa = PBXFrameworksBuildPhase;
			buildActionMask = 2147483647;
			files = (
				88B9D31351CE189EDD4AFFE1 /* Pods_HYMoviePlayer.framework in Frameworks */,
			);
			runOnlyForDeploymentPostprocessing = 0;
		};
		370E671920A078EB001766E7 /* Frameworks */ = {
			isa = PBXFrameworksBuildPhase;
			buildActionMask = 2147483647;
			files = (
			);
			runOnlyForDeploymentPostprocessing = 0;
		};
		370E672420A078EB001766E7 /* Frameworks */ = {
			isa = PBXFrameworksBuildPhase;
			buildActionMask = 2147483647;
			files = (
			);
			runOnlyForDeploymentPostprocessing = 0;
		};
/* End PBXFrameworksBuildPhase section */

/* Begin PBXGroup section */
		370E66FF20A078EA001766E7 = {
			isa = PBXGroup;
			children = (
				370E670A20A078EA001766E7 /* HYMoviePlayer */,
				370E671F20A078EB001766E7 /* HYMoviePlayerTests */,
				370E672A20A078EB001766E7 /* HYMoviePlayerUITests */,
				370E670920A078EA001766E7 /* Products */,
				F83061B4E53C039FCBE27E37 /* Pods */,
				5BA1C550A0EF8BD4264EEC8D /* Frameworks */,
			);
			sourceTree = "<group>";
		};
		370E670920A078EA001766E7 /* Products */ = {
			isa = PBXGroup;
			children = (
				370E670820A078EA001766E7 /* HYMoviePlayer.app */,
				370E671C20A078EB001766E7 /* HYMoviePlayerTests.xctest */,
				370E672720A078EB001766E7 /* HYMoviePlayerUITests.xctest */,
			);
			name = Products;
			sourceTree = "<group>";
		};
		370E670A20A078EA001766E7 /* HYMoviePlayer */ = {
			isa = PBXGroup;
			children = (
				5C4071F520A5821800E096CE /* HYMovieDownloader */,
				5C29C1F820A296B7004C525B /* HYMoviePlayerCategory */,
				5C72A27520A1511400D83D98 /* HYMovieplayerNetLinkCheck */,
				3716DF3620A07EE2009DF6C1 /* HYMoviePlayControlPanel */,
				3716DF3520A07ED2009DF6C1 /* HYMoviePlayer */,
				370E670B20A078EA001766E7 /* AppDelegate.swift */,
				370E670D20A078EA001766E7 /* ViewController.swift */,
				370E670F20A078EA001766E7 /* Main.storyboard */,
				370E671220A078EB001766E7 /* Assets.xcassets */,
				370E671420A078EB001766E7 /* LaunchScreen.storyboard */,
				370E671720A078EB001766E7 /* Info.plist */,
			);
			path = HYMoviePlayer;
			sourceTree = "<group>";
		};
		370E671F20A078EB001766E7 /* HYMoviePlayerTests */ = {
			isa = PBXGroup;
			children = (
				370E672020A078EB001766E7 /* HYMoviePlayerTests.swift */,
				370E672220A078EB001766E7 /* Info.plist */,
			);
			path = HYMoviePlayerTests;
			sourceTree = "<group>";
		};
		370E672A20A078EB001766E7 /* HYMoviePlayerUITests */ = {
			isa = PBXGroup;
			children = (
				370E672B20A078EB001766E7 /* HYMoviePlayerUITests.swift */,
				370E672D20A078EB001766E7 /* Info.plist */,
			);
			path = HYMoviePlayerUITests;
			sourceTree = "<group>";
		};
		3716DF3520A07ED2009DF6C1 /* HYMoviePlayer */ = {
			isa = PBXGroup;
			children = (
				3716DF3720A07F00009DF6C1 /* HYMoviePlayer.swift */,
			);
			path = HYMoviePlayer;
			sourceTree = "<group>";
		};
		3716DF3620A07EE2009DF6C1 /* HYMoviePlayControlPanel */ = {
			isa = PBXGroup;
			children = (
				5C2639D720A188FF000BAAF6 /* HYMoviePlayControlPanel.swift */,
				5C29C1FC20A2E623004C525B /* HYMoviePlayerStatePromptView.swift */,
				5C4071F320A435AE00E096CE /* HYMoviePlayerGusterResponseView.swift */,
			);
			path = HYMoviePlayControlPanel;
			sourceTree = "<group>";
		};
		5BA1C550A0EF8BD4264EEC8D /* Frameworks */ = {
			isa = PBXGroup;
			children = (
				DEC179C2A5571D9C2CA367F9 /* Pods_HYMoviePlayer.framework */,
			);
			name = Frameworks;
			sourceTree = "<group>";
		};
		5C29C1F820A296B7004C525B /* HYMoviePlayerCategory */ = {
			isa = PBXGroup;
			children = (
				5C29C1F920A296ED004C525B /* DispatchQueue+Extension.swift */,
			);
			path = HYMoviePlayerCategory;
			sourceTree = SOURCE_ROOT;
		};
		5C4071F520A5821800E096CE /* HYMovieDownloader */ = {
			isa = PBXGroup;
			children = (
				5C4071F620A5823E00E096CE /* HYMoviePlayerDownloadManager.swift */,
			);
			path = HYMovieDownloader;
			sourceTree = SOURCE_ROOT;
		};
		5C72A27520A1511400D83D98 /* HYMovieplayerNetLinkCheck */ = {
			isa = PBXGroup;
			children = (
				5C72A27620A1514300D83D98 /* HYMoviePlayerNetLinkCheck.swift */,
				5C4071F120A41CEA00E096CE /* HYMoviePlayerActivityMonitor.swift */,
				5C72A27820A1536C00D83D98 /* HYMoviePlayerNetLinkProtocol.swift */,
			);
			path = HYMovieplayerNetLinkCheck;
			sourceTree = "<group>";
		};
		F83061B4E53C039FCBE27E37 /* Pods */ = {
			isa = PBXGroup;
			children = (
				08F4DE918DE04CB511CC3712 /* Pods-HYMoviePlayer.debug.xcconfig */,
				8183277D6A43C400C64882D0 /* Pods-HYMoviePlayer.release.xcconfig */,
			);
			name = Pods;
			sourceTree = "<group>";
		};
/* End PBXGroup section */

/* Begin PBXNativeTarget section */
		370E670720A078EA001766E7 /* HYMoviePlayer */ = {
			isa = PBXNativeTarget;
			buildConfigurationList = 370E673020A078EB001766E7 /* Build configuration list for PBXNativeTarget "HYMoviePlayer" */;
			buildPhases = (
				41B4185548A872EE17F39259 /* [CP] Check Pods Manifest.lock */,
				370E670420A078EA001766E7 /* Sources */,
				370E670520A078EA001766E7 /* Frameworks */,
				370E670620A078EA001766E7 /* Resources */,
				ED7CC6E9F1C4A539954DAB72 /* [CP] Embed Pods Frameworks */,
			);
			buildRules = (
			);
			dependencies = (
			);
			name = HYMoviePlayer;
			productName = HYMoviePlayer;
			productReference = 370E670820A078EA001766E7 /* HYMoviePlayer.app */;
			productType = "com.apple.product-type.application";
		};
		370E671B20A078EB001766E7 /* HYMoviePlayerTests */ = {
			isa = PBXNativeTarget;
			buildConfigurationList = 370E673320A078EB001766E7 /* Build configuration list for PBXNativeTarget "HYMoviePlayerTests" */;
			buildPhases = (
				370E671820A078EB001766E7 /* Sources */,
				370E671920A078EB001766E7 /* Frameworks */,
				370E671A20A078EB001766E7 /* Resources */,
			);
			buildRules = (
			);
			dependencies = (
				370E671E20A078EB001766E7 /* PBXTargetDependency */,
			);
			name = HYMoviePlayerTests;
			productName = HYMoviePlayerTests;
			productReference = 370E671C20A078EB001766E7 /* HYMoviePlayerTests.xctest */;
			productType = "com.apple.product-type.bundle.unit-test";
		};
		370E672620A078EB001766E7 /* HYMoviePlayerUITests */ = {
			isa = PBXNativeTarget;
			buildConfigurationList = 370E673620A078EB001766E7 /* Build configuration list for PBXNativeTarget "HYMoviePlayerUITests" */;
			buildPhases = (
				370E672320A078EB001766E7 /* Sources */,
				370E672420A078EB001766E7 /* Frameworks */,
				370E672520A078EB001766E7 /* Resources */,
			);
			buildRules = (
			);
			dependencies = (
				370E672920A078EB001766E7 /* PBXTargetDependency */,
			);
			name = HYMoviePlayerUITests;
			productName = HYMoviePlayerUITests;
			productReference = 370E672720A078EB001766E7 /* HYMoviePlayerUITests.xctest */;
			productType = "com.apple.product-type.bundle.ui-testing";
		};
/* End PBXNativeTarget section */

/* Begin PBXProject section */
		370E670020A078EA001766E7 /* Project object */ = {
			isa = PBXProject;
			attributes = {
				LastSwiftUpdateCheck = 0930;
				LastUpgradeCheck = 0930;
				ORGANIZATIONNAME = "王海洋";
				TargetAttributes = {
					370E670720A078EA001766E7 = {
						CreatedOnToolsVersion = 9.3;
					};
					370E671B20A078EB001766E7 = {
						CreatedOnToolsVersion = 9.3;
						TestTargetID = 370E670720A078EA001766E7;
					};
					370E672620A078EB001766E7 = {
						CreatedOnToolsVersion = 9.3;
						TestTargetID = 370E670720A078EA001766E7;
					};
				};
			};
			buildConfigurationList = 370E670320A078EA001766E7 /* Build configuration list for PBXProject "HYMoviePlayer" */;
			compatibilityVersion = "Xcode 9.3";
			developmentRegion = en;
			hasScannedForEncodings = 0;
			knownRegions = (
				en,
				Base,
			);
			mainGroup = 370E66FF20A078EA001766E7;
			productRefGroup = 370E670920A078EA001766E7 /* Products */;
			projectDirPath = "";
			projectRoot = "";
			targets = (
				370E670720A078EA001766E7 /* HYMoviePlayer */,
				370E671B20A078EB001766E7 /* HYMoviePlayerTests */,
				370E672620A078EB001766E7 /* HYMoviePlayerUITests */,
			);
		};
/* End PBXProject section */

/* Begin PBXResourcesBuildPhase section */
		370E670620A078EA001766E7 /* Resources */ = {
			isa = PBXResourcesBuildPhase;
			buildActionMask = 2147483647;
			files = (
				370E671620A078EB001766E7 /* LaunchScreen.storyboard in Resources */,
				370E671320A078EB001766E7 /* Assets.xcassets in Resources */,
				370E671120A078EA001766E7 /* Main.storyboard in Resources */,
			);
			runOnlyForDeploymentPostprocessing = 0;
		};
		370E671A20A078EB001766E7 /* Resources */ = {
			isa = PBXResourcesBuildPhase;
			buildActionMask = 2147483647;
			files = (
			);
			runOnlyForDeploymentPostprocessing = 0;
		};
		370E672520A078EB001766E7 /* Resources */ = {
			isa = PBXResourcesBuildPhase;
			buildActionMask = 2147483647;
			files = (
			);
			runOnlyForDeploymentPostprocessing = 0;
		};
/* End PBXResourcesBuildPhase section */

/* Begin PBXShellScriptBuildPhase section */
		41B4185548A872EE17F39259 /* [CP] Check Pods Manifest.lock */ = {
			isa = PBXShellScriptBuildPhase;
			buildActionMask = 2147483647;
			files = (
			);
			inputPaths = (
				"${PODS_PODFILE_DIR_PATH}/Podfile.lock",
				"${PODS_ROOT}/Manifest.lock",
			);
			name = "[CP] Check Pods Manifest.lock";
			outputPaths = (
				"$(DERIVED_FILE_DIR)/Pods-HYMoviePlayer-checkManifestLockResult.txt",
			);
			runOnlyForDeploymentPostprocessing = 0;
			shellPath = /bin/sh;
			shellScript = "diff \"${PODS_PODFILE_DIR_PATH}/Podfile.lock\" \"${PODS_ROOT}/Manifest.lock\" > /dev/null\nif [ $? != 0 ] ; then\n    # print error to STDERR\n    echo \"error: The sandbox is not in sync with the Podfile.lock. Run 'pod install' or update your CocoaPods installation.\" >&2\n    exit 1\nfi\n# This output is used by Xcode 'outputs' to avoid re-running this script phase.\necho \"SUCCESS\" > \"${SCRIPT_OUTPUT_FILE_0}\"\n";
			showEnvVarsInLog = 0;
		};
		ED7CC6E9F1C4A539954DAB72 /* [CP] Embed Pods Frameworks */ = {
			isa = PBXShellScriptBuildPhase;
			buildActionMask = 2147483647;
			files = (
			);
			inputPaths = (
				"${SRCROOT}/Pods/Target Support Files/Pods-HYMoviePlayer/Pods-HYMoviePlayer-frameworks.sh",
				"${BUILT_PRODUCTS_DIR}/ReachabilitySwift/Reachability.framework",
				"${BUILT_PRODUCTS_DIR}/SnapKit/SnapKit.framework",
			);
			name = "[CP] Embed Pods Frameworks";
			outputPaths = (
				"${TARGET_BUILD_DIR}/${FRAMEWORKS_FOLDER_PATH}/Reachability.framework",
				"${TARGET_BUILD_DIR}/${FRAMEWORKS_FOLDER_PATH}/SnapKit.framework",
			);
			runOnlyForDeploymentPostprocessing = 0;
			shellPath = /bin/sh;
			shellScript = "\"${SRCROOT}/Pods/Target Support Files/Pods-HYMoviePlayer/Pods-HYMoviePlayer-frameworks.sh\"\n";
			showEnvVarsInLog = 0;
		};
/* End PBXShellScriptBuildPhase section */

/* Begin PBXSourcesBuildPhase section */
		370E670420A078EA001766E7 /* Sources */ = {
			isa = PBXSourcesBuildPhase;
			buildActionMask = 2147483647;
			files = (
				370E670E20A078EA001766E7 /* ViewController.swift in Sources */,
				5C29C1FA20A296ED004C525B /* DispatchQueue+Extension.swift in Sources */,
				3716DF3820A07F01009DF6C1 /* HYMoviePlayer.swift in Sources */,
				370E670C20A078EA001766E7 /* AppDelegate.swift in Sources */,
				5C4071F220A41CEA00E096CE /* HYMoviePlayerActivityMonitor.swift in Sources */,
				5C72A27920A1536C00D83D98 /* HYMoviePlayerNetLinkProtocol.swift in Sources */,
				5C4071F420A435AE00E096CE /* HYMoviePlayerGusterResponseView.swift in Sources */,
				5C29C1FD20A2E623004C525B /* HYMoviePlayerStatePromptView.swift in Sources */,
				5C2639D820A188FF000BAAF6 /* HYMoviePlayControlPanel.swift in Sources */,
				5C4071F720A5823E00E096CE /* HYMoviePlayerDownloadManager.swift in Sources */,
				5C72A27720A1514300D83D98 /* HYMoviePlayerNetLinkCheck.swift in Sources */,
			);
			runOnlyForDeploymentPostprocessing = 0;
		};
		370E671820A078EB001766E7 /* Sources */ = {
			isa = PBXSourcesBuildPhase;
			buildActionMask = 2147483647;
			files = (
				370E672120A078EB001766E7 /* HYMoviePlayerTests.swift in Sources */,
			);
			runOnlyForDeploymentPostprocessing = 0;
		};
		370E672320A078EB001766E7 /* Sources */ = {
			isa = PBXSourcesBuildPhase;
			buildActionMask = 2147483647;
			files = (
				370E672C20A078EB001766E7 /* HYMoviePlayerUITests.swift in Sources */,
			);
			runOnlyForDeploymentPostprocessing = 0;
		};
/* End PBXSourcesBuildPhase section */

/* Begin PBXTargetDependency section */
		370E671E20A078EB001766E7 /* PBXTargetDependency */ = {
			isa = PBXTargetDependency;
			target = 370E670720A078EA001766E7 /* HYMoviePlayer */;
			targetProxy = 370E671D20A078EB001766E7 /* PBXContainerItemProxy */;
		};
		370E672920A078EB001766E7 /* PBXTargetDependency */ = {
			isa = PBXTargetDependency;
			target = 370E670720A078EA001766E7 /* HYMoviePlayer */;
			targetProxy = 370E672820A078EB001766E7 /* PBXContainerItemProxy */;
		};
/* End PBXTargetDependency section */

/* Begin PBXVariantGroup section */
		370E670F20A078EA001766E7 /* Main.storyboard */ = {
			isa = PBXVariantGroup;
			children = (
				370E671020A078EA001766E7 /* Base */,
			);
			name = Main.storyboard;
			sourceTree = "<group>";
		};
		370E671420A078EB001766E7 /* LaunchScreen.storyboard */ = {
			isa = PBXVariantGroup;
			children = (
				370E671520A078EB001766E7 /* Base */,
			);
			name = LaunchScreen.storyboard;
			sourceTree = "<group>";
		};
/* End PBXVariantGroup section */

/* Begin XCBuildConfiguration section */
		370E672E20A078EB001766E7 /* Debug */ = {
			isa = XCBuildConfiguration;
			buildSettings = {
				ALWAYS_SEARCH_USER_PATHS = NO;
				CLANG_ANALYZER_NONNULL = YES;
				CLANG_ANALYZER_NUMBER_OBJECT_CONVERSION = YES_AGGRESSIVE;
				CLANG_CXX_LANGUAGE_STANDARD = "gnu++14";
				CLANG_CXX_LIBRARY = "libc++";
				CLANG_ENABLE_MODULES = YES;
				CLANG_ENABLE_OBJC_ARC = YES;
				CLANG_ENABLE_OBJC_WEAK = YES;
				CLANG_WARN_BLOCK_CAPTURE_AUTORELEASING = YES;
				CLANG_WARN_BOOL_CONVERSION = YES;
				CLANG_WARN_COMMA = YES;
				CLANG_WARN_CONSTANT_CONVERSION = YES;
				CLANG_WARN_DEPRECATED_OBJC_IMPLEMENTATIONS = YES;
				CLANG_WARN_DIRECT_OBJC_ISA_USAGE = YES_ERROR;
				CLANG_WARN_DOCUMENTATION_COMMENTS = YES;
				CLANG_WARN_EMPTY_BODY = YES;
				CLANG_WARN_ENUM_CONVERSION = YES;
				CLANG_WARN_INFINITE_RECURSION = YES;
				CLANG_WARN_INT_CONVERSION = YES;
				CLANG_WARN_NON_LITERAL_NULL_CONVERSION = YES;
				CLANG_WARN_OBJC_IMPLICIT_RETAIN_SELF = YES;
				CLANG_WARN_OBJC_LITERAL_CONVERSION = YES;
				CLANG_WARN_OBJC_ROOT_CLASS = YES_ERROR;
				CLANG_WARN_RANGE_LOOP_ANALYSIS = YES;
				CLANG_WARN_STRICT_PROTOTYPES = YES;
				CLANG_WARN_SUSPICIOUS_MOVE = YES;
				CLANG_WARN_UNGUARDED_AVAILABILITY = YES_AGGRESSIVE;
				CLANG_WARN_UNREACHABLE_CODE = YES;
				CLANG_WARN__DUPLICATE_METHOD_MATCH = YES;
				CODE_SIGN_IDENTITY = "iPhone Developer";
				COPY_PHASE_STRIP = NO;
				DEBUG_INFORMATION_FORMAT = dwarf;
				ENABLE_STRICT_OBJC_MSGSEND = YES;
				ENABLE_TESTABILITY = YES;
				GCC_C_LANGUAGE_STANDARD = gnu11;
				GCC_DYNAMIC_NO_PIC = NO;
				GCC_NO_COMMON_BLOCKS = YES;
				GCC_OPTIMIZATION_LEVEL = 0;
				GCC_PREPROCESSOR_DEFINITIONS = (
					"DEBUG=1",
					"$(inherited)",
				);
				GCC_WARN_64_TO_32_BIT_CONVERSION = YES;
				GCC_WARN_ABOUT_RETURN_TYPE = YES_ERROR;
				GCC_WARN_UNDECLARED_SELECTOR = YES;
				GCC_WARN_UNINITIALIZED_AUTOS = YES_AGGRESSIVE;
				GCC_WARN_UNUSED_FUNCTION = YES;
				GCC_WARN_UNUSED_VARIABLE = YES;
				IPHONEOS_DEPLOYMENT_TARGET = 11.3;
				MTL_ENABLE_DEBUG_INFO = YES;
				ONLY_ACTIVE_ARCH = YES;
				SDKROOT = iphoneos;
				SWIFT_ACTIVE_COMPILATION_CONDITIONS = DEBUG;
				SWIFT_OPTIMIZATION_LEVEL = "-Onone";
			};
			name = Debug;
		};
		370E672F20A078EB001766E7 /* Release */ = {
			isa = XCBuildConfiguration;
			buildSettings = {
				ALWAYS_SEARCH_USER_PATHS = NO;
				CLANG_ANALYZER_NONNULL = YES;
				CLANG_ANALYZER_NUMBER_OBJECT_CONVERSION = YES_AGGRESSIVE;
				CLANG_CXX_LANGUAGE_STANDARD = "gnu++14";
				CLANG_CXX_LIBRARY = "libc++";
				CLANG_ENABLE_MODULES = YES;
				CLANG_ENABLE_OBJC_ARC = YES;
				CLANG_ENABLE_OBJC_WEAK = YES;
				CLANG_WARN_BLOCK_CAPTURE_AUTORELEASING = YES;
				CLANG_WARN_BOOL_CONVERSION = YES;
				CLANG_WARN_COMMA = YES;
				CLANG_WARN_CONSTANT_CONVERSION = YES;
				CLANG_WARN_DEPRECATED_OBJC_IMPLEMENTATIONS = YES;
				CLANG_WARN_DIRECT_OBJC_ISA_USAGE = YES_ERROR;
				CLANG_WARN_DOCUMENTATION_COMMENTS = YES;
				CLANG_WARN_EMPTY_BODY = YES;
				CLANG_WARN_ENUM_CONVERSION = YES;
				CLANG_WARN_INFINITE_RECURSION = YES;
				CLANG_WARN_INT_CONVERSION = YES;
				CLANG_WARN_NON_LITERAL_NULL_CONVERSION = YES;
				CLANG_WARN_OBJC_IMPLICIT_RETAIN_SELF = YES;
				CLANG_WARN_OBJC_LITERAL_CONVERSION = YES;
				CLANG_WARN_OBJC_ROOT_CLASS = YES_ERROR;
				CLANG_WARN_RANGE_LOOP_ANALYSIS = YES;
				CLANG_WARN_STRICT_PROTOTYPES = YES;
				CLANG_WARN_SUSPICIOUS_MOVE = YES;
				CLANG_WARN_UNGUARDED_AVAILABILITY = YES_AGGRESSIVE;
				CLANG_WARN_UNREACHABLE_CODE = YES;
				CLANG_WARN__DUPLICATE_METHOD_MATCH = YES;
				CODE_SIGN_IDENTITY = "iPhone Developer";
				COPY_PHASE_STRIP = NO;
				DEBUG_INFORMATION_FORMAT = "dwarf-with-dsym";
				ENABLE_NS_ASSERTIONS = NO;
				ENABLE_STRICT_OBJC_MSGSEND = YES;
				GCC_C_LANGUAGE_STANDARD = gnu11;
				GCC_NO_COMMON_BLOCKS = YES;
				GCC_WARN_64_TO_32_BIT_CONVERSION = YES;
				GCC_WARN_ABOUT_RETURN_TYPE = YES_ERROR;
				GCC_WARN_UNDECLARED_SELECTOR = YES;
				GCC_WARN_UNINITIALIZED_AUTOS = YES_AGGRESSIVE;
				GCC_WARN_UNUSED_FUNCTION = YES;
				GCC_WARN_UNUSED_VARIABLE = YES;
				IPHONEOS_DEPLOYMENT_TARGET = 11.3;
				MTL_ENABLE_DEBUG_INFO = NO;
				SDKROOT = iphoneos;
				SWIFT_COMPILATION_MODE = wholemodule;
				SWIFT_OPTIMIZATION_LEVEL = "-O";
				VALIDATE_PRODUCT = YES;
			};
			name = Release;
		};
		370E673120A078EB001766E7 /* Debug */ = {
			isa = XCBuildConfiguration;
			baseConfigurationReference = 08F4DE918DE04CB511CC3712 /* Pods-HYMoviePlayer.debug.xcconfig */;
			buildSettings = {
				ASSETCATALOG_COMPILER_APPICON_NAME = AppIcon;
				CODE_SIGN_STYLE = Automatic;
				DEVELOPMENT_TEAM = APZXVAVRF6;
				INFOPLIST_FILE = HYMoviePlayer/Info.plist;
				IPHONEOS_DEPLOYMENT_TARGET = 9.0;
				LD_RUNPATH_SEARCH_PATHS = (
					"$(inherited)",
					"@executable_path/Frameworks",
				);
				PRODUCT_BUNDLE_IDENTIFIER = com.haiyang.wang.HYWMoviePlayer;
				PRODUCT_NAME = "$(TARGET_NAME)";
				SWIFT_VERSION = 4.0;
				TARGETED_DEVICE_FAMILY = "1,2";
			};
			name = Debug;
		};
		370E673220A078EB001766E7 /* Release */ = {
			isa = XCBuildConfiguration;
			baseConfigurationReference = 8183277D6A43C400C64882D0 /* Pods-HYMoviePlayer.release.xcconfig */;
			buildSettings = {
				ASSETCATALOG_COMPILER_APPICON_NAME = AppIcon;
				CODE_SIGN_STYLE = Automatic;
				DEVELOPMENT_TEAM = APZXVAVRF6;
				INFOPLIST_FILE = HYMoviePlayer/Info.plist;
				IPHONEOS_DEPLOYMENT_TARGET = 9.0;
				LD_RUNPATH_SEARCH_PATHS = (
					"$(inherited)",
					"@executable_path/Frameworks",
				);
				PRODUCT_BUNDLE_IDENTIFIER = com.haiyang.wang.HYWMoviePlayer;
				PRODUCT_NAME = "$(TARGET_NAME)";
				SWIFT_VERSION = 4.0;
				TARGETED_DEVICE_FAMILY = "1,2";
			};
			name = Release;
		};
		370E673420A078EB001766E7 /* Debug */ = {
			isa = XCBuildConfiguration;
			buildSettings = {
				ALWAYS_EMBED_SWIFT_STANDARD_LIBRARIES = YES;
				BUNDLE_LOADER = "$(TEST_HOST)";
				CODE_SIGN_STYLE = Automatic;
				DEVELOPMENT_TEAM = CWFB35WXPS;
				INFOPLIST_FILE = HYMoviePlayerTests/Info.plist;
				LD_RUNPATH_SEARCH_PATHS = (
					"$(inherited)",
					"@executable_path/Frameworks",
					"@loader_path/Frameworks",
				);
				PRODUCT_BUNDLE_IDENTIFIER = com.haiyang.wang.HYMoviePlayerTests;
				PRODUCT_NAME = "$(TARGET_NAME)";
				SWIFT_VERSION = 4.0;
				TARGETED_DEVICE_FAMILY = "1,2";
				TEST_HOST = "$(BUILT_PRODUCTS_DIR)/HYMoviePlayer.app/HYMoviePlayer";
			};
			name = Debug;
		};
		370E673520A078EB001766E7 /* Release */ = {
			isa = XCBuildConfiguration;
			buildSettings = {
				ALWAYS_EMBED_SWIFT_STANDARD_LIBRARIES = YES;
				BUNDLE_LOADER = "$(TEST_HOST)";
				CODE_SIGN_STYLE = Automatic;
				DEVELOPMENT_TEAM = CWFB35WXPS;
				INFOPLIST_FILE = HYMoviePlayerTests/Info.plist;
				LD_RUNPATH_SEARCH_PATHS = (
					"$(inherited)",
					"@executable_path/Frameworks",
					"@loader_path/Frameworks",
				);
				PRODUCT_BUNDLE_IDENTIFIER = com.haiyang.wang.HYMoviePlayerTests;
				PRODUCT_NAME = "$(TARGET_NAME)";
				SWIFT_VERSION = 4.0;
				TARGETED_DEVICE_FAMILY = "1,2";
				TEST_HOST = "$(BUILT_PRODUCTS_DIR)/HYMoviePlayer.app/HYMoviePlayer";
			};
			name = Release;
		};
		370E673720A078EB001766E7 /* Debug */ = {
			isa = XCBuildConfiguration;
			buildSettings = {
				ALWAYS_EMBED_SWIFT_STANDARD_LIBRARIES = YES;
				CODE_SIGN_STYLE = Automatic;
				DEVELOPMENT_TEAM = CWFB35WXPS;
				INFOPLIST_FILE = HYMoviePlayerUITests/Info.plist;
				LD_RUNPATH_SEARCH_PATHS = (
					"$(inherited)",
					"@executable_path/Frameworks",
					"@loader_path/Frameworks",
				);
				PRODUCT_BUNDLE_IDENTIFIER = com.haiyang.wang.HYMoviePlayerUITests;
				PRODUCT_NAME = "$(TARGET_NAME)";
				SWIFT_VERSION = 4.0;
				TARGETED_DEVICE_FAMILY = "1,2";
				TEST_TARGET_NAME = HYMoviePlayer;
			};
			name = Debug;
		};
		370E673820A078EB001766E7 /* Release */ = {
			isa = XCBuildConfiguration;
			buildSettings = {
				ALWAYS_EMBED_SWIFT_STANDARD_LIBRARIES = YES;
				CODE_SIGN_STYLE = Automatic;
				DEVELOPMENT_TEAM = CWFB35WXPS;
				INFOPLIST_FILE = HYMoviePlayerUITests/Info.plist;
				LD_RUNPATH_SEARCH_PATHS = (
					"$(inherited)",
					"@executable_path/Frameworks",
					"@loader_path/Frameworks",
				);
				PRODUCT_BUNDLE_IDENTIFIER = com.haiyang.wang.HYMoviePlayerUITests;
				PRODUCT_NAME = "$(TARGET_NAME)";
				SWIFT_VERSION = 4.0;
				TARGETED_DEVICE_FAMILY = "1,2";
				TEST_TARGET_NAME = HYMoviePlayer;
			};
			name = Release;
		};
/* End XCBuildConfiguration section */

/* Begin XCConfigurationList section */
		370E670320A078EA001766E7 /* Build configuration list for PBXProject "HYMoviePlayer" */ = {
			isa = XCConfigurationList;
			buildConfigurations = (
				370E672E20A078EB001766E7 /* Debug */,
				370E672F20A078EB001766E7 /* Release */,
			);
			defaultConfigurationIsVisible = 0;
			defaultConfigurationName = Release;
		};
		370E673020A078EB001766E7 /* Build configuration list for PBXNativeTarget "HYMoviePlayer" */ = {
			isa = XCConfigurationList;
			buildConfigurations = (
				370E673120A078EB001766E7 /* Debug */,
				370E673220A078EB001766E7 /* Release */,
			);
			defaultConfigurationIsVisible = 0;
			defaultConfigurationName = Release;
		};
		370E673320A078EB001766E7 /* Build configuration list for PBXNativeTarget "HYMoviePlayerTests" */ = {
			isa = XCConfigurationList;
			buildConfigurations = (
				370E673420A078EB001766E7 /* Debug */,
				370E673520A078EB001766E7 /* Release */,
			);
			defaultConfigurationIsVisible = 0;
			defaultConfigurationName = Release;
		};
		370E673620A078EB001766E7 /* Build configuration list for PBXNativeTarget "HYMoviePlayerUITests" */ = {
			isa = XCConfigurationList;
			buildConfigurations = (
				370E673720A078EB001766E7 /* Debug */,
				370E673820A078EB001766E7 /* Release */,
			);
			defaultConfigurationIsVisible = 0;
			defaultConfigurationName = Release;
		};
/* End XCConfigurationList section */
	};
	rootObject = 370E670020A078EA001766E7 /* Project object */;
}
